{
    "name": "node-red-project",
    "version": "0.0.1",
    "lockfileVersion": 1,
    "requires": true,
    "dependencies": {
        "array-filter": {
            "version": "0.0.1",
            "resolved": "https://registry.npmjs.org/array-filter/-/array-filter-0.0.1.tgz",
            "integrity": "sha1-fajPLiZijtcygDWB/SH2fKzS7uw="
        },
        "array-find-index": {
            "version": "1.0.2",
            "resolved": "https://registry.npmjs.org/array-find-index/-/array-find-index-1.0.2.tgz",
            "integrity": "sha1-3wEKoSh+Fku9pvlyOwqWoexBh6E="
        },
        "array-map": {
            "version": "0.0.0",
            "resolved": "https://registry.npmjs.org/array-map/-/array-map-0.0.0.tgz",
            "integrity": "sha1-iKK6tz0c97zVwbEYoAP2b2ZfpmI="
        },
        "array-reduce": {
            "version": "0.0.0",
            "resolved": "https://registry.npmjs.org/array-reduce/-/array-reduce-0.0.0.tgz",
            "integrity": "sha1-FziZ0//Rx9k4PkR5Ul2+J4yrXys="
        },
        "async": {
            "version": "2.6.0",
            "resolved": "https://registry.npmjs.org/async/-/async-2.6.0.tgz",
            "integrity": "sha512-xAfGg1/NTLBBKlHFmnd7PlmUW9KhVQIUuSrYem9xzFUZy13ScvtyGGejaae9iAVRiRq9+Cx7DPFaAAhCpyxyPw==",
            "requires": {
                "lodash": "^4.14.0"
            }
        },
        "byline": {
            "version": "4.2.2",
            "resolved": "https://registry.npmjs.org/byline/-/byline-4.2.2.tgz",
            "integrity": "sha1-wgOpilsCkIIqk4anjtosvVvNsy8="
        },
        "caller-id": {
            "version": "0.1.0",
            "resolved": "https://registry.npmjs.org/caller-id/-/caller-id-0.1.0.tgz",
            "integrity": "sha1-Wb2sCJPRLDhxQIJ5Ix+XRYNk8Hs=",
            "requires": {
                "stack-trace": "~0.0.7"
            }
        },
        "camelcase": {
            "version": "2.1.1",
            "resolved": "https://registry.npmjs.org/camelcase/-/camelcase-2.1.1.tgz",
            "integrity": "sha1-fB0W1nmhu+WcoCys7PsBHiAfWh8="
        },
        "camelcase-keys": {
            "version": "2.1.0",
            "resolved": "https://registry.npmjs.org/camelcase-keys/-/camelcase-keys-2.1.0.tgz",
            "integrity": "sha1-MIvur/3ygRkFHvodkyITyRuPkuc=",
            "requires": {
                "camelcase": "^2.0.0",
                "map-obj": "^1.0.0"
            }
        },
        "co": {
            "version": "3.1.0",
            "resolved": "https://registry.npmjs.org/co/-/co-3.1.0.tgz",
            "integrity": "sha1-TqVOpaCJOBUxheFSEMaNkJK8G3g="
        },
        "csv": {
            "version": "0.4.6",
            "resolved": "https://registry.npmjs.org/csv/-/csv-0.4.6.tgz",
            "integrity": "sha1-jbrn3f26rmLB6ph8Pg+Kmsc3tz0=",
            "requires": {
                "csv-generate": "^0.0.6",
                "csv-parse": "^1.0.0",
                "csv-stringify": "^0.0.8",
                "stream-transform": "^0.1.0"
            }
        },
        "csv-generate": {
            "version": "0.0.6",
            "resolved": "https://registry.npmjs.org/csv-generate/-/csv-generate-0.0.6.tgz",
            "integrity": "sha1-l+TmOuRrIZEs2UdbwxRp0m9a3mY="
        },
        "csv-parse": {
            "version": "1.3.3",
            "resolved": "https://registry.npmjs.org/csv-parse/-/csv-parse-1.3.3.tgz",
            "integrity": "sha1-0c/YdDwvhJoKuy/VRNtWaV0ZpJA="
        },
        "csv-stringify": {
            "version": "0.0.8",
            "resolved": "https://registry.npmjs.org/csv-stringify/-/csv-stringify-0.0.8.tgz",
            "integrity": "sha1-Usw7PfwZd1jFWtMlqVvoUHH55Rs="
        },
        "currently-unhandled": {
            "version": "0.4.1",
            "resolved": "https://registry.npmjs.org/currently-unhandled/-/currently-unhandled-0.4.1.tgz",
            "integrity": "sha1-mI3zP+qxke95mmE2nddsF635V+o=",
            "requires": {
                "array-find-index": "^1.0.1"
            }
        },
        "debug": {
            "version": "3.1.0",
            "resolved": "https://registry.npmjs.org/debug/-/debug-3.1.0.tgz",
            "integrity": "sha512-OX8XqP7/1a9cqkxYw2yXss15f26NKWBpDXQd0/uK/KPqdQhxbPa994hnzjcE2VqQpDslf55723cKPUOGSmMY3g==",
            "requires": {
                "ms": "2.0.0"
            }
        },
        "decamelize": {
            "version": "1.2.0",
            "resolved": "https://registry.npmjs.org/decamelize/-/decamelize-1.2.0.tgz",
            "integrity": "sha1-9lNNFRSCabIDUue+4m9QH5oZEpA="
        },
        "domain": {
            "version": "0.0.1",
            "resolved": "https://registry.npmjs.org/domain/-/domain-0.0.1.tgz",
            "integrity": "sha1-8Wyr06D61X1nIiKlnRb1HtqK99g=",
            "requires": {
                "co": "^3.1.0",
                "eventstore": "^1.0.3",
                "shortid": "^2.0.1",
                "should": "^4.1.0",
                "thunkify": "^2.1.2"
            }
        },
        "dotty": {
            "version": "0.0.2",
            "resolved": "https://registry.npmjs.org/dotty/-/dotty-0.0.2.tgz",
            "integrity": "sha1-4d6NRiZ7YvreErW1jCHKUUxKeqE="
        },
        "emitter-component": {
            "version": "1.1.1",
            "resolved": "https://registry.npmjs.org/emitter-component/-/emitter-component-1.1.1.tgz",
            "integrity": "sha1-Bl4tvtaVm/RwZ57avq95gdEAOrY="
        },
        "error-ex": {
            "version": "1.3.2",
            "resolved": "https://registry.npmjs.org/error-ex/-/error-ex-1.3.2.tgz",
            "integrity": "sha512-7dFHNmqeFSEt2ZBsCriorKnn3Z2pj+fd9kmI6QoWw4//DL+icEBfc0U7qJCisqrTsKTjw4fNFy2pW9OqStD84g==",
            "requires": {
                "is-arrayish": "^0.2.1"
            }
        },
        "eventstore": {
            "version": "1.14.3",
            "resolved": "https://registry.npmjs.org/eventstore/-/eventstore-1.14.3.tgz",
            "integrity": "sha512-siDVCFHi6p7Wp/J63VOjQe+wumMI7FksAZ9Mppmi8wMep/MUrPBcg0ISTHqnLps9Mk7+h3m654Q3LIupsFpHnA==",
            "requires": {
                "async": "2.6.0",
                "debug": "3.1.0",
                "dotty": "0.0.2",
                "jsondate": "0.0.1",
                "lodash": "4.17.10",
                "parent-require": "1.0.0",
                "tolerance": "1.0.0",
                "uuid": "3.1.0"
            }
        },
        "file-type": {
            "version": "2.12.0",
            "resolved": "https://registry.npmjs.org/file-type/-/file-type-2.12.0.tgz",
            "integrity": "sha1-9Ivd+Hyu+V5AsedlPPFbtoGQ7x0=",
            "requires": {
                "meow": "^3.3.0",
                "read-chunk": "^1.0.1"
            }
        },
        "filesize": {
            "version": "3.6.1",
            "resolved": "https://registry.npmjs.org/filesize/-/filesize-3.6.1.tgz",
            "integrity": "sha512-7KjR1vv6qnicaPMi1iiTcI85CyYwRO/PSFCu6SvqL8jN2Wjt/NIYQTFtFs7fSDCYOstUkEWIQGFUg5YZQfjlcg=="
        },
        "find-up": {
            "version": "1.1.2",
            "resolved": "https://registry.npmjs.org/find-up/-/find-up-1.1.2.tgz",
            "integrity": "sha1-ay6YIrGizgpgq2TWEOzK1TyyTQ8=",
            "requires": {
                "path-exists": "^2.0.0",
                "pinkie-promise": "^2.0.0"
            }
        },
        "fs": {
            "version": "0.0.2",
            "resolved": "https://registry.npmjs.org/fs/-/fs-0.0.2.tgz",
            "integrity": "sha1-4fJE7zkzwbKmS9R5kTYGDQ9ZFPg="
        },
        "get-stdin": {
            "version": "4.0.1",
            "resolved": "https://registry.npmjs.org/get-stdin/-/get-stdin-4.0.1.tgz",
            "integrity": "sha1-uWjGsKBDhDJJAui/Gl3zJXmkUP4="
        },
        "graceful-fs": {
            "version": "4.1.15",
            "resolved": "https://registry.npmjs.org/graceful-fs/-/graceful-fs-4.1.15.tgz",
            "integrity": "sha512-6uHUhOPEBgQ24HM+r6b/QwWfZq+yiFcipKFrOFiBEnWdy5sdzYoi+pJeQaPI5qOLRFqWmAXUPQNsielzdLoecA=="
        },
        "hosted-git-info": {
            "version": "2.7.1",
            "resolved": "https://registry.npmjs.org/hosted-git-info/-/hosted-git-info-2.7.1.tgz",
            "integrity": "sha512-7T/BxH19zbcCTa8XkMlbK5lTo1WtgkFi3GvdWEyNuc4Vex7/9Dqbnpsf4JMydcfj9HCg4zUWFTL3Za6lapg5/w=="
        },
        "indent-string": {
            "version": "2.1.0",
            "resolved": "https://registry.npmjs.org/indent-string/-/indent-string-2.1.0.tgz",
            "integrity": "sha1-ji1INIdCEhtKghi3oTfppSBJ3IA=",
            "requires": {
                "repeating": "^2.0.0"
            }
        },
        "is-arrayish": {
            "version": "0.2.1",
            "resolved": "https://registry.npmjs.org/is-arrayish/-/is-arrayish-0.2.1.tgz",
            "integrity": "sha1-d8mYQFJ6qOyxqLppe4BkWnqSap0="
        },
        "is-finite": {
            "version": "1.0.2",
            "resolved": "https://registry.npmjs.org/is-finite/-/is-finite-1.0.2.tgz",
            "integrity": "sha1-zGZ3aVYCvlUO8R6LSqYwU0K20Ko=",
            "requires": {
                "number-is-nan": "^1.0.0"
            }
        },
        "is-utf8": {
            "version": "0.2.1",
            "resolved": "https://registry.npmjs.org/is-utf8/-/is-utf8-0.2.1.tgz",
            "integrity": "sha1-Sw2hRCEE0bM2NA6AeX6GXPOffXI="
        },
        "jsondate": {
            "version": "0.0.1",
            "resolved": "https://registry.npmjs.org/jsondate/-/jsondate-0.0.1.tgz",
            "integrity": "sha1-RXqa4Bgm0Z+vfofJviY9TzqiN/w="
        },
        "jsonexport": {
            "version": "1.5.2",
            "resolved": "https://registry.npmjs.org/jsonexport/-/jsonexport-1.5.2.tgz",
            "integrity": "sha1-iPJ/bZCZD2woSeHlAuIcByP3Jc0=",
            "requires": {
                "underscore": "^1.8.3"
            }
        },
        "jsonify": {
            "version": "0.0.0",
            "resolved": "https://registry.npmjs.org/jsonify/-/jsonify-0.0.0.tgz",
            "integrity": "sha1-LHS27kHZPKUbe1qu6PUDYx0lKnM="
        },
        "load-json-file": {
            "version": "1.1.0",
            "resolved": "https://registry.npmjs.org/load-json-file/-/load-json-file-1.1.0.tgz",
            "integrity": "sha1-lWkFcI1YtLq0wiYbBPWfMcmTdMA=",
            "requires": {
                "graceful-fs": "^4.1.2",
                "parse-json": "^2.2.0",
                "pify": "^2.0.0",
                "pinkie-promise": "^2.0.0",
                "strip-bom": "^2.0.0"
            }
        },
        "lodash": {
            "version": "4.17.10",
            "resolved": "https://registry.npmjs.org/lodash/-/lodash-4.17.10.tgz",
            "integrity": "sha512-UejweD1pDoXu+AD825lWwp4ZGtSwgnpZxb3JDViD7StjQz+Nb/6l093lx4OQ0foGWNRoc19mWy7BzL+UAK2iVg=="
        },
        "loud-rejection": {
            "version": "1.6.0",
            "resolved": "https://registry.npmjs.org/loud-rejection/-/loud-rejection-1.6.0.tgz",
            "integrity": "sha1-W0b4AUft7leIcPCG0Eghz5mOVR8=",
            "requires": {
                "currently-unhandled": "^0.4.1",
                "signal-exit": "^3.0.0"
            }
        },
        "map-obj": {
            "version": "1.0.1",
            "resolved": "https://registry.npmjs.org/map-obj/-/map-obj-1.0.1.tgz",
            "integrity": "sha1-2TPOuSBdgr3PSIb2dCvcK03qFG0="
        },
        "meow": {
            "version": "3.7.0",
            "resolved": "https://registry.npmjs.org/meow/-/meow-3.7.0.tgz",
            "integrity": "sha1-cstmi0JSKCkKu/qFaJJYcwioAfs=",
            "requires": {
                "camelcase-keys": "^2.0.0",
                "decamelize": "^1.1.2",
                "loud-rejection": "^1.0.0",
                "map-obj": "^1.0.1",
                "minimist": "^1.1.3",
                "normalize-package-data": "^2.3.4",
                "object-assign": "^4.0.1",
                "read-pkg-up": "^1.0.1",
                "redent": "^1.0.0",
                "trim-newlines": "^1.0.0"
            }
        },
        "minimist": {
            "version": "1.2.0",
            "resolved": "https://registry.npmjs.org/minimist/-/minimist-1.2.0.tgz",
            "integrity": "sha1-o1AIsg9BOD7sH7kU9M1d95omQoQ="
        },
        "moment": {
            "version": "2.24.0",
            "resolved": "https://registry.npmjs.org/moment/-/moment-2.24.0.tgz",
            "integrity": "sha512-bV7f+6l2QigeBBZSM/6yTNq4P2fNpSWj/0e7jQcy87A8e7o2nAfP/34/2ky5Vw4B9S446EtIhodAzkFCcR4dQg=="
        },
        "ms": {
            "version": "2.0.0",
            "resolved": "https://registry.npmjs.org/ms/-/ms-2.0.0.tgz",
            "integrity": "sha1-VgiurfwAvmwpAd9fmGF4jeDVl8g="
        },
        "nanoid": {
            "version": "2.0.1",
            "resolved": "https://registry.npmjs.org/nanoid/-/nanoid-2.0.1.tgz",
            "integrity": "sha512-k1u2uemjIGsn25zmujKnotgniC/gxQ9sdegdezeDiKdkDW56THUMqlz3urndKCXJxA6yPzSZbXx/QCMe/pxqsA=="
        },
        "node-red-biglib": {
            "version": "1.3.1",
            "resolved": "https://registry.npmjs.org/node-red-biglib/-/node-red-biglib-1.3.1.tgz",
            "integrity": "sha1-Bz6K+ZYUIsO4Lk93LDURymGg6jQ=",
            "requires": {
                "byline": "^4.2.1",
                "caller-id": "^0.1.0",
                "domain": "0.0.1",
                "filesize": "^3.2.1",
                "fs": "0.0.2",
                "moment": "^2.12.0",
                "shell-quote": "^1.6.0",
                "stream": "0.0.2"
            }
        },
        "node-red-contrib-bigcsv": {
            "version": "1.2.0",
            "resolved": "https://registry.npmjs.org/node-red-contrib-bigcsv/-/node-red-contrib-bigcsv-1.2.0.tgz",
            "integrity": "sha1-13NJCsx+GuEM1KuwXggl/dN0BYc=",
            "requires": {
                "csv": "^0.4.6",
                "node-red-biglib": "^1.3.0"
            }
        },
        "node-red-contrib-fs-ops": {
            "version": "1.5.0",
            "resolved": "https://registry.npmjs.org/node-red-contrib-fs-ops/-/node-red-contrib-fs-ops-1.5.0.tgz",
            "integrity": "sha512-HZj/mGVE22X9Wgius4NHiVcyYQ0WORK7yOYZQcq6de8GmOe0xcNa0wiGXinsIe+/O+m9yBp7ihTiv4/LCLcCFw=="
        },
        "node-red-contrib-json2csv": {
            "version": "0.0.3",
            "resolved": "https://registry.npmjs.org/node-red-contrib-json2csv/-/node-red-contrib-json2csv-0.0.3.tgz",
            "integrity": "sha1-tv9HkCeQbRNNVa/S62oPx4Sf1bs=",
            "requires": {
                "file-type": "^2.7.0",
                "jsonexport": "~1.5.2",
                "temp": "^0.8.3"
            }
        },
        "normalize-package-data": {
            "version": "2.5.0",
            "resolved": "https://registry.npmjs.org/normalize-package-data/-/normalize-package-data-2.5.0.tgz",
            "integrity": "sha512-/5CMN3T0R4XTj4DcGaexo+roZSdSFW/0AOOTROrjxzCG1wrWXEsGbRKevjlIL+ZDE4sZlJr5ED4YW0yqmkK+eA==",
            "requires": {
                "hosted-git-info": "^2.1.4",
                "resolve": "^1.10.0",
                "semver": "2 || 3 || 4 || 5",
                "validate-npm-package-license": "^3.0.1"
            }
        },
        "number-is-nan": {
            "version": "1.0.1",
            "resolved": "https://registry.npmjs.org/number-is-nan/-/number-is-nan-1.0.1.tgz",
            "integrity": "sha1-CXtgK1NCKlIsGvuHkDGDNpQaAR0="
        },
        "object-assign": {
            "version": "4.1.1",
            "resolved": "https://registry.npmjs.org/object-assign/-/object-assign-4.1.1.tgz",
            "integrity": "sha1-IQmtx5ZYh8/AXLvUQsrIv7s2CGM="
        },
        "os-tmpdir": {
            "version": "1.0.2",
            "resolved": "https://registry.npmjs.org/os-tmpdir/-/os-tmpdir-1.0.2.tgz",
            "integrity": "sha1-u+Z0BseaqFxc/sdm/lc0VV36EnQ="
        },
        "parent-require": {
            "version": "1.0.0",
            "resolved": "https://registry.npmjs.org/parent-require/-/parent-require-1.0.0.tgz",
            "integrity": "sha1-dGoWdjgIOoYLDu9nMssn7UbDKXc="
        },
        "parse-json": {
            "version": "2.2.0",
            "resolved": "https://registry.npmjs.org/parse-json/-/parse-json-2.2.0.tgz",
            "integrity": "sha1-9ID0BDTvgHQfhGkJn43qGPVaTck=",
            "requires": {
                "error-ex": "^1.2.0"
            }
        },
        "path-exists": {
            "version": "2.1.0",
            "resolved": "https://registry.npmjs.org/path-exists/-/path-exists-2.1.0.tgz",
            "integrity": "sha1-D+tsZPD8UY2adU3V77YscCJ2H0s=",
            "requires": {
                "pinkie-promise": "^2.0.0"
            }
        },
        "path-parse": {
            "version": "1.0.6",
            "resolved": "https://registry.npmjs.org/path-parse/-/path-parse-1.0.6.tgz",
            "integrity": "sha512-GSmOT2EbHrINBf9SR7CDELwlJ8AENk3Qn7OikK4nFYAu3Ote2+JYNVvkpAEQm3/TLNEJFD/xZJjzyxg3KBWOzw=="
        },
        "path-type": {
            "version": "1.1.0",
            "resolved": "https://registry.npmjs.org/path-type/-/path-type-1.1.0.tgz",
            "integrity": "sha1-WcRPfuSR2nBNpBXaWkBwuk+P5EE=",
            "requires": {
                "graceful-fs": "^4.1.2",
                "pify": "^2.0.0",
                "pinkie-promise": "^2.0.0"
            }
        },
        "pify": {
            "version": "2.3.0",
            "resolved": "https://registry.npmjs.org/pify/-/pify-2.3.0.tgz",
            "integrity": "sha1-7RQaasBDqEnqWISY59yosVMw6Qw="
        },
        "pinkie": {
            "version": "2.0.4",
            "resolved": "https://registry.npmjs.org/pinkie/-/pinkie-2.0.4.tgz",
            "integrity": "sha1-clVrgM+g1IqXToDnckjoDtT3+HA="
        },
        "pinkie-promise": {
            "version": "2.0.1",
            "resolved": "https://registry.npmjs.org/pinkie-promise/-/pinkie-promise-2.0.1.tgz",
            "integrity": "sha1-ITXW36ejWMBprJsXh3YogihFD/o=",
            "requires": {
                "pinkie": "^2.0.0"
            }
        },
        "read-chunk": {
            "version": "1.0.1",
            "resolved": "https://registry.npmjs.org/read-chunk/-/read-chunk-1.0.1.tgz",
            "integrity": "sha1-X2jKswfmY/GZk1J9m1icrORmEZQ="
        },
        "read-pkg": {
            "version": "1.1.0",
            "resolved": "https://registry.npmjs.org/read-pkg/-/read-pkg-1.1.0.tgz",
            "integrity": "sha1-9f+qXs0pyzHAR0vKfXVra7KePyg=",
            "requires": {
                "load-json-file": "^1.0.0",
                "normalize-package-data": "^2.3.2",
                "path-type": "^1.0.0"
            }
        },
        "read-pkg-up": {
            "version": "1.0.1",
            "resolved": "https://registry.npmjs.org/read-pkg-up/-/read-pkg-up-1.0.1.tgz",
            "integrity": "sha1-nWPBMnbAZZGNV/ACpX9AobZD+wI=",
            "requires": {
                "find-up": "^1.0.0",
                "read-pkg": "^1.0.0"
            }
        },
        "redent": {
            "version": "1.0.0",
            "resolved": "https://registry.npmjs.org/redent/-/redent-1.0.0.tgz",
            "integrity": "sha1-z5Fqsf1fHxbfsggi3W7H9zDCr94=",
            "requires": {
                "indent-string": "^2.1.0",
                "strip-indent": "^1.0.1"
            }
        },
        "repeating": {
            "version": "2.0.1",
            "resolved": "https://registry.npmjs.org/repeating/-/repeating-2.0.1.tgz",
            "integrity": "sha1-UhTFOpJtNVJwdSf7q0FdvAjQbdo=",
            "requires": {
                "is-finite": "^1.0.0"
            }
        },
        "resolve": {
            "version": "1.10.0",
            "resolved": "https://registry.npmjs.org/resolve/-/resolve-1.10.0.tgz",
            "integrity": "sha512-3sUr9aq5OfSg2S9pNtPA9hL1FVEAjvfOC4leW0SNf/mpnaakz2a9femSd6LqAww2RaFctwyf1lCqnTHuF1rxDg==",
            "requires": {
                "path-parse": "^1.0.6"
            }
        },
        "retry": {
            "version": "0.12.0",
            "resolved": "https://registry.npmjs.org/retry/-/retry-0.12.0.tgz",
            "integrity": "sha1-G0KmJmoh8HQh0bC1S33BZ7AcATs="
        },
        "rimraf": {
            "version": "2.2.8",
            "resolved": "https://registry.npmjs.org/rimraf/-/rimraf-2.2.8.tgz",
            "integrity": "sha1-5Dm+Kq7jJzIZUnMPmaiSnk/FBYI="
        },
        "semver": {
            "version": "5.6.0",
            "resolved": "https://registry.npmjs.org/semver/-/semver-5.6.0.tgz",
            "integrity": "sha512-RS9R6R35NYgQn++fkDWaOmqGoj4Ek9gGs+DPxNUZKuwE183xjJroKvyo1IzVFeXvUrvmALy6FWD5xrdJT25gMg=="
        },
        "shell-quote": {
            "version": "1.6.1",
            "resolved": "https://registry.npmjs.org/shell-quote/-/shell-quote-1.6.1.tgz",
            "integrity": "sha1-9HgZSczkAmlxJ0MOo7PFR29IF2c=",
            "requires": {
                "array-filter": "~0.0.0",
                "array-map": "~0.0.0",
                "array-reduce": "~0.0.0",
                "jsonify": "~0.0.0"
            }
        },
        "shortid": {
            "version": "2.2.14",
            "resolved": "https://registry.npmjs.org/shortid/-/shortid-2.2.14.tgz",
            "integrity": "sha512-4UnZgr9gDdA1kaKj/38IiudfC3KHKhDc1zi/HSxd9FQDR0VLwH3/y79tZJLsVYPsJgIjeHjqIWaWVRJUj9qZOQ==",
            "requires": {
                "nanoid": "^2.0.0"
            }
        },
        "should": {
            "version": "4.6.5",
            "resolved": "https://registry.npmjs.org/should/-/should-4.6.5.tgz",
            "integrity": "sha1-DRI0bbvRsCj59Lt6nVRzZPw2qH8=",
            "requires": {
                "should-equal": "0.3.1",
                "should-format": "0.0.7",
                "should-type": "0.0.4"
            }
        },
        "should-equal": {
            "version": "0.3.1",
            "resolved": "https://registry.npmjs.org/should-equal/-/should-equal-0.3.1.tgz",
            "integrity": "sha1-vY6pemdI45+tR2o75v1y68LnK/A=",
            "requires": {
                "should-type": "0.0.4"
            }
        },
        "should-format": {
            "version": "0.0.7",
            "resolved": "https://registry.npmjs.org/should-format/-/should-format-0.0.7.tgz",
            "integrity": "sha1-Hi74a9kdqcLgQSM1tWq6vZov3hI=",
            "requires": {
                "should-type": "0.0.4"
            }
        },
        "should-type": {
            "version": "0.0.4",
            "resolved": "https://registry.npmjs.org/should-type/-/should-type-0.0.4.tgz",
            "integrity": "sha1-ATKgVBemEmhmQmrPEW8e1WI6XNA="
        },
        "signal-exit": {
            "version": "3.0.2",
            "resolved": "https://registry.npmjs.org/signal-exit/-/signal-exit-3.0.2.tgz",
            "integrity": "sha1-tf3AjxKH6hF4Yo5BXiUTK3NkbG0="
        },
        "spdx-correct": {
            "version": "3.1.0",
            "resolved": "https://registry.npmjs.org/spdx-correct/-/spdx-correct-3.1.0.tgz",
            "integrity": "sha512-lr2EZCctC2BNR7j7WzJ2FpDznxky1sjfxvvYEyzxNyb6lZXHODmEoJeFu4JupYlkfha1KZpJyoqiJ7pgA1qq8Q==",
            "requires": {
                "spdx-expression-parse": "^3.0.0",
                "spdx-license-ids": "^3.0.0"
            }
        },
        "spdx-exceptions": {
            "version": "2.2.0",
            "resolved": "https://registry.npmjs.org/spdx-exceptions/-/spdx-exceptions-2.2.0.tgz",
            "integrity": "sha512-2XQACfElKi9SlVb1CYadKDXvoajPgBVPn/gOQLrTvHdElaVhr7ZEbqJaRnJLVNeaI4cMEAgVCeBMKF6MWRDCRA=="
        },
        "spdx-expression-parse": {
            "version": "3.0.0",
            "resolved": "https://registry.npmjs.org/spdx-expression-parse/-/spdx-expression-parse-3.0.0.tgz",
            "integrity": "sha512-Yg6D3XpRD4kkOmTpdgbUiEJFKghJH03fiC1OPll5h/0sO6neh2jqRDVHOQ4o/LMea0tgCkbMgea5ip/e+MkWyg==",
            "requires": {
                "spdx-exceptions": "^2.1.0",
                "spdx-license-ids": "^3.0.0"
            }
        },
        "spdx-license-ids": {
            "version": "3.0.3",
            "resolved": "https://registry.npmjs.org/spdx-license-ids/-/spdx-license-ids-3.0.3.tgz",
            "integrity": "sha512-uBIcIl3Ih6Phe3XHK1NqboJLdGfwr1UN3k6wSD1dZpmPsIkb8AGNbZYJ1fOBk834+Gxy8rpfDxrS6XLEMZMY2g=="
        },
        "stack-trace": {
            "version": "0.0.10",
            "resolved": "https://registry.npmjs.org/stack-trace/-/stack-trace-0.0.10.tgz",
            "integrity": "sha1-VHxws0fo0ytOEI6hoqFZ5f3eGcA="
        },
        "stream": {
            "version": "0.0.2",
            "resolved": "https://registry.npmjs.org/stream/-/stream-0.0.2.tgz",
            "integrity": "sha1-f1Nj8Ff2WSxVlfALyAon9c7B8O8=",
            "requires": {
                "emitter-component": "^1.1.1"
            }
        },
        "stream-transform": {
            "version": "0.1.2",
            "resolved": "https://registry.npmjs.org/stream-transform/-/stream-transform-0.1.2.tgz",
            "integrity": "sha1-fY5rTgOsR4F3j4x5UXUBv7B2Kp8="
        },
        "strip-bom": {
            "version": "2.0.0",
            "resolved": "https://registry.npmjs.org/strip-bom/-/strip-bom-2.0.0.tgz",
            "integrity": "sha1-YhmoVhZSBJHzV4i9vxRHqZx+aw4=",
            "requires": {
                "is-utf8": "^0.2.0"
            }
        },
        "strip-indent": {
            "version": "1.0.1",
            "resolved": "https://registry.npmjs.org/strip-indent/-/strip-indent-1.0.1.tgz",
            "integrity": "sha1-DHlipq3vp7vUrDZkYKY4VSrhoKI=",
            "requires": {
                "get-stdin": "^4.0.1"
            }
        },
        "temp": {
            "version": "0.8.3",
            "resolved": "https://registry.npmjs.org/temp/-/temp-0.8.3.tgz",
            "integrity": "sha1-4Ma8TSa5AxJEEOT+2BEDAU38H1k=",
            "requires": {
                "os-tmpdir": "^1.0.0",
                "rimraf": "~2.2.6"
            }
        },
        "thunkify": {
            "version": "2.1.2",
            "resolved": "https://registry.npmjs.org/thunkify/-/thunkify-2.1.2.tgz",
            "integrity": "sha1-+qDp0jDFGsyVyhOjYawFyn4EVT0="
        },
        "tolerance": {
            "version": "1.0.0",
            "resolved": "https://registry.npmjs.org/tolerance/-/tolerance-1.0.0.tgz",
            "integrity": "sha1-mFFo5d0TwJ3tQUrHOGb4R7QI2mw=",
            "requires": {
                "retry": ">=0.6.0"
            }
        },
        "trim-newlines": {
            "version": "1.0.0",
            "resolved": "https://registry.npmjs.org/trim-newlines/-/trim-newlines-1.0.0.tgz",
            "integrity": "sha1-WIeWa7WCpFA6QetST301ARgVphM="
        },
        "underscore": {
            "version": "1.9.1",
            "resolved": "https://registry.npmjs.org/underscore/-/underscore-1.9.1.tgz",
            "integrity": "sha512-5/4etnCkd9c8gwgowi5/om/mYO5ajCaOgdzj/oW+0eQV9WxKBDZw5+ycmKmeaTXjInS/W0BzpGLo2xR2aBwZdg=="
        },
        "uuid": {
            "version": "3.1.0",
            "resolved": "https://registry.npmjs.org/uuid/-/uuid-3.1.0.tgz",
            "integrity": "sha512-DIWtzUkw04M4k3bf1IcpS2tngXEL26YUD2M0tMDUpnUrz2hgzUBlD55a4FjdLGPvfHxS6uluGWvaVEqgBcVa+g=="
        },
        "validate-npm-package-license": {
            "version": "3.0.4",
            "resolved": "https://registry.npmjs.org/validate-npm-package-license/-/validate-npm-package-license-3.0.4.tgz",
            "integrity": "sha512-DpKm2Ui/xN7/HQKCtpZxoRWBhZ9Z0kqtygG8XCgNQ8ZlDnxuQmWhj566j8fN4Cu3/JmbhsDo7fcAJq4s9h27Ew==",
            "requires": {
                "spdx-correct": "^3.0.0",
                "spdx-expression-parse": "^3.0.0"
            }
        }
    }
}
